
Microsoft Visual Studio Solution File, Format Version 12.00
# Visual Studio Version 17
VisualStudioVersion = 17.7.34024.191
MinimumVisualStudioVersion = 10.0.40219.1
Project("{F184B08F-C81C-45F6-A57F-5ABD9991F28F}") = "personasconestructuras", "personasconestructuras\personasconestructuras.vbproj", "{2AFCF571-EFBA-416E-A26E-6B748766D164}"
EndProject
Global
	GlobalSection(SolutionConfigurationPlatforms) = preSolution
		Debug|Any CPU = Debug|Any CPU
		Release|Any CPU = Release|Any CPU
	EndGlobalSection
	GlobalSection(ProjectConfigurationPlatforms) = postSolution
		{2AFCF571-EFBA-416E-A26E-6B748766D164}.Debug|Any CPU.ActiveCfg = Debug|Any CPU
		{2AFCF571-EFBA-416E-A26E-6B748766D164}.Debug|Any CPU.Build.0 = Debug|Any CPU
		{2AFCF571-EFBA-416E-A26E-6B748766D164}.Release|Any CPU.ActiveCfg = Release|Any CPU
		{2AFCF571-EFBA-416E-A26E-6B748766D164}.Release|Any CPU.Build.0 = Release|Any CPU
	EndGlobalSection
	GlobalSection(SolutionProperties) = preSolution
		HideSolutionNode = FALSE
	EndGlobalSection
	GlobalSection(ExtensibilityGlobals) = postSolution
		SolutionGuid = {B5CAD95D-104D-4D85-B8A5-E31015683A0D}
	EndGlobalSection
EndGlobal
